
Microsoft Visual Studio Solution File, Format Version 12.00
# Visual Studio 15
VisualStudioVersion = 15.0.28307.489
MinimumVisualStudioVersion = 10.0.40219.1
Project("{FAE04EC0-301F-11D3-BF4B-00C04F79EFBC}") = "HW2_Discount", "HW2_Discount\HW2_Discount.csproj", "{43CE2404-6D19-4BF8-9F64-D27C36E73D2A}"
EndProject
Global
	GlobalSection(SolutionConfigurationPlatforms) = preSolution
		Debug|Any CPU = Debug|Any CPU
		Release|Any CPU = Release|Any CPU
	EndGlobalSection
	GlobalSection(ProjectConfigurationPlatforms) = postSolution
		{43CE2404-6D19-4BF8-9F64-D27C36E73D2A}.Debug|Any CPU.ActiveCfg = Debug|Any CPU
		{43CE2404-6D19-4BF8-9F64-D27C36E73D2A}.Debug|Any CPU.Build.0 = Debug|Any CPU
		{43CE2404-6D19-4BF8-9F64-D27C36E73D2A}.Release|Any CPU.ActiveCfg = Release|Any CPU
		{43CE2404-6D19-4BF8-9F64-D27C36E73D2A}.Release|Any CPU.Build.0 = Release|Any CPU
	EndGlobalSection
	GlobalSection(SolutionProperties) = preSolution
		HideSolutionNode = FALSE
	EndGlobalSection
	GlobalSection(ExtensibilityGlobals) = postSolution
		SolutionGuid = {DBEB144C-2DB8-4ACE-B8EF-85CFB484926B}
	EndGlobalSection
EndGlobal
